
Microsoft Visual Studio Solution File, Format Version 12.00
# Visual Studio 2013
VisualStudioVersion = 12.0.21005.1
MinimumVisualStudioVersion = 10.0.40219.1
Project("{8BC9CEB8-8B4A-11D0-8D11-00A0C91BC942}") = "Level1", "Level1\Level1.vcxproj", "{822860EB-5908-4D25-8D63-06C19C80DAD5}"
EndProject
Project("{8BC9CEB8-8B4A-11D0-8D11-00A0C91BC942}") = "Level2", "Level2\Level2.vcxproj", "{0621222E-DD88-4FB2-B874-97D4B2DF9D5B}"
EndProject
Project("{8BC9CEB8-8B4A-11D0-8D11-00A0C91BC942}") = "Level3", "Level3\Level3.vcxproj", "{44A1FAF3-13FC-4063-8CF6-D74497E1BA88}"
EndProject
Project("{8BC9CEB8-8B4A-11D0-8D11-00A0C91BC942}") = "Level5", "Level5\Level5.vcxproj", "{76A63889-F26E-4646-B078-D5F3365BECDD}"
EndProject
Project("{8BC9CEB8-8B4A-11D0-8D11-00A0C91BC942}") = "Level4", "Level4\Level4.vcxproj", "{9BE5DED3-1DED-4A9A-850C-CBAD574326AC}"
EndProject
Global
	GlobalSection(SolutionConfigurationPlatforms) = preSolution
		Debug|Win32 = Debug|Win32
		Release|Win32 = Release|Win32
	EndGlobalSection
	GlobalSection(ProjectConfigurationPlatforms) = postSolution
		{822860EB-5908-4D25-8D63-06C19C80DAD5}.Debug|Win32.ActiveCfg = Debug|Win32
		{822860EB-5908-4D25-8D63-06C19C80DAD5}.Debug|Win32.Build.0 = Debug|Win32
		{822860EB-5908-4D25-8D63-06C19C80DAD5}.Release|Win32.ActiveCfg = Release|Win32
		{822860EB-5908-4D25-8D63-06C19C80DAD5}.Release|Win32.Build.0 = Release|Win32
		{0621222E-DD88-4FB2-B874-97D4B2DF9D5B}.Debug|Win32.ActiveCfg = Debug|Win32
		{0621222E-DD88-4FB2-B874-97D4B2DF9D5B}.Debug|Win32.Build.0 = Debug|Win32
		{0621222E-DD88-4FB2-B874-97D4B2DF9D5B}.Release|Win32.ActiveCfg = Release|Win32
		{0621222E-DD88-4FB2-B874-97D4B2DF9D5B}.Release|Win32.Build.0 = Release|Win32
		{44A1FAF3-13FC-4063-8CF6-D74497E1BA88}.Debug|Win32.ActiveCfg = Debug|Win32
		{44A1FAF3-13FC-4063-8CF6-D74497E1BA88}.Debug|Win32.Build.0 = Debug|Win32
		{44A1FAF3-13FC-4063-8CF6-D74497E1BA88}.Release|Win32.ActiveCfg = Release|Win32
		{44A1FAF3-13FC-4063-8CF6-D74497E1BA88}.Release|Win32.Build.0 = Release|Win32
		{76A63889-F26E-4646-B078-D5F3365BECDD}.Debug|Win32.ActiveCfg = Debug|Win32
		{76A63889-F26E-4646-B078-D5F3365BECDD}.Debug|Win32.Build.0 = Debug|Win32
		{76A63889-F26E-4646-B078-D5F3365BECDD}.Release|Win32.ActiveCfg = Release|Win32
		{76A63889-F26E-4646-B078-D5F3365BECDD}.Release|Win32.Build.0 = Release|Win32
		{9BE5DED3-1DED-4A9A-850C-CBAD574326AC}.Debug|Win32.ActiveCfg = Debug|Win32
		{9BE5DED3-1DED-4A9A-850C-CBAD574326AC}.Debug|Win32.Build.0 = Debug|Win32
		{9BE5DED3-1DED-4A9A-850C-CBAD574326AC}.Release|Win32.ActiveCfg = Release|Win32
		{9BE5DED3-1DED-4A9A-850C-CBAD574326AC}.Release|Win32.Build.0 = Release|Win32
	EndGlobalSection
	GlobalSection(SolutionProperties) = preSolution
		HideSolutionNode = FALSE
	EndGlobalSection
EndGlobal
